
Microsoft Visual Studio Solution File, Format Version 12.00
# Visual Studio Version 17
VisualStudioVersion = 17.0.31903.59
MinimumVisualStudioVersion = 10.0.40219.1
Project("{FAE04EC0-301F-11D3-BF4B-00C04F79EFBC}") = "RynthCore.Engine", "src\RynthCore.Engine\RynthCore.Engine.csproj", "{A1B2C3D4-0001-0001-0001-000000000001}"
EndProject
Project("{FAE04EC0-301F-11D3-BF4B-00C04F79EFBC}") = "RynthCore.Injector", "src\RynthCore.Injector\RynthCore.Injector.csproj", "{A1B2C3D4-0002-0002-0002-000000000002}"
EndProject
Project("{FAE04EC0-301F-11D3-BF4B-00C04F79EFBC}") = "RynthCore.Plugin.RynthAi", "Plugins\RynthCore.Plugin.RynthAi\RynthCore.Plugin.RynthAi.csproj", "{A1B2C3D4-0005-0005-0005-000000000005}"
EndProject
Project("{2150E333-8FDC-42A3-9474-1A3956D46DE8}") = "src", "src", "{827E0CD3-B72D-47B6-A68D-7590B98EB39B}"
EndProject
Project("{FAE04EC0-301F-11D3-BF4B-00C04F79EFBC}") = "RynthCore.App.Avalonia", "src\RynthCore.App.Avalonia\RynthCore.App.Avalonia.csproj", "{2B283E05-12BB-45F9-B8E5-8F53C1FAB737}"
EndProject
Project("{FAE04EC0-301F-11D3-BF4B-00C04F79EFBC}") = "RynthCore.PluginSdk", "src\RynthCore.PluginSdk\RynthCore.PluginSdk.csproj", "{BB0C5CB5-6C75-4C17-9348-5CA0C481B65C}"
EndProject
Project("{FAE04EC0-301F-11D3-BF4B-00C04F79EFBC}") = "RynthCore.PluginCore", "src\RynthCore.PluginCore\RynthCore.PluginCore.csproj", "{A72E31D3-5D91-4C39-A30C-A96A492BBE82}"
EndProject
Global
	GlobalSection(SolutionConfigurationPlatforms) = preSolution
		Debug|x86 = Debug|x86
		Debug|Any CPU = Debug|Any CPU
		Debug|x64 = Debug|x64
		Release|x86 = Release|x86
		Release|Any CPU = Release|Any CPU
		Release|x64 = Release|x64
	EndGlobalSection
	GlobalSection(ProjectConfigurationPlatforms) = postSolution
		{A1B2C3D4-0001-0001-0001-000000000001}.Debug|x86.ActiveCfg = Debug|x86
		{A1B2C3D4-0001-0001-0001-000000000001}.Debug|x86.Build.0 = Debug|x86
		{A1B2C3D4-0001-0001-0001-000000000001}.Debug|Any CPU.ActiveCfg = Debug|Any CPU
		{A1B2C3D4-0001-0001-0001-000000000001}.Debug|Any CPU.Build.0 = Debug|Any CPU
		{A1B2C3D4-0001-0001-0001-000000000001}.Debug|x64.ActiveCfg = Debug|Any CPU
		{A1B2C3D4-0001-0001-0001-000000000001}.Debug|x64.Build.0 = Debug|Any CPU
		{A1B2C3D4-0001-0001-0001-000000000001}.Release|x86.ActiveCfg = Release|x86
		{A1B2C3D4-0001-0001-0001-000000000001}.Release|x86.Build.0 = Release|x86
		{A1B2C3D4-0001-0001-0001-000000000001}.Release|Any CPU.ActiveCfg = Release|Any CPU
		{A1B2C3D4-0001-0001-0001-000000000001}.Release|Any CPU.Build.0 = Release|Any CPU
		{A1B2C3D4-0001-0001-0001-000000000001}.Release|x64.ActiveCfg = Release|Any CPU
		{A1B2C3D4-0001-0001-0001-000000000001}.Release|x64.Build.0 = Release|Any CPU
		{A1B2C3D4-0002-0002-0002-000000000002}.Debug|x86.ActiveCfg = Debug|x86
		{A1B2C3D4-0002-0002-0002-000000000002}.Debug|x86.Build.0 = Debug|x86
		{A1B2C3D4-0002-0002-0002-000000000002}.Debug|Any CPU.ActiveCfg = Debug|Any CPU
		{A1B2C3D4-0002-0002-0002-000000000002}.Debug|Any CPU.Build.0 = Debug|Any CPU
		{A1B2C3D4-0002-0002-0002-000000000002}.Debug|x64.ActiveCfg = Debug|Any CPU
		{A1B2C3D4-0002-0002-0002-000000000002}.Debug|x64.Build.0 = Debug|Any CPU
		{A1B2C3D4-0002-0002-0002-000000000002}.Release|x86.ActiveCfg = Release|x86
		{A1B2C3D4-0002-0002-0002-000000000002}.Release|x86.Build.0 = Release|x86
		{A1B2C3D4-0002-0002-0002-000000000002}.Release|Any CPU.ActiveCfg = Release|Any CPU
		{A1B2C3D4-0002-0002-0002-000000000002}.Release|Any CPU.Build.0 = Release|Any CPU
		{A1B2C3D4-0002-0002-0002-000000000002}.Release|x64.ActiveCfg = Release|Any CPU
		{A1B2C3D4-0002-0002-0002-000000000002}.Release|x64.Build.0 = Release|Any CPU
{A1B2C3D4-0005-0005-0005-000000000005}.Debug|x86.ActiveCfg = Debug|x86
		{A1B2C3D4-0005-0005-0005-000000000005}.Debug|x86.Build.0 = Debug|x86
		{A1B2C3D4-0005-0005-0005-000000000005}.Debug|Any CPU.ActiveCfg = Debug|Any CPU
		{A1B2C3D4-0005-0005-0005-000000000005}.Debug|Any CPU.Build.0 = Debug|Any CPU
		{A1B2C3D4-0005-0005-0005-000000000005}.Debug|x64.ActiveCfg = Debug|Any CPU
		{A1B2C3D4-0005-0005-0005-000000000005}.Debug|x64.Build.0 = Debug|Any CPU
		{A1B2C3D4-0005-0005-0005-000000000005}.Release|x86.ActiveCfg = Release|x86
		{A1B2C3D4-0005-0005-0005-000000000005}.Release|x86.Build.0 = Release|x86
		{A1B2C3D4-0005-0005-0005-000000000005}.Release|Any CPU.ActiveCfg = Release|Any CPU
		{A1B2C3D4-0005-0005-0005-000000000005}.Release|Any CPU.Build.0 = Release|Any CPU
		{A1B2C3D4-0005-0005-0005-000000000005}.Release|x64.ActiveCfg = Release|Any CPU
		{A1B2C3D4-0005-0005-0005-000000000005}.Release|x64.Build.0 = Release|Any CPU
		{2B283E05-12BB-45F9-B8E5-8F53C1FAB737}.Debug|x86.ActiveCfg = Debug|Any CPU
		{2B283E05-12BB-45F9-B8E5-8F53C1FAB737}.Debug|x86.Build.0 = Debug|Any CPU
		{2B283E05-12BB-45F9-B8E5-8F53C1FAB737}.Debug|Any CPU.ActiveCfg = Debug|Any CPU
		{2B283E05-12BB-45F9-B8E5-8F53C1FAB737}.Debug|Any CPU.Build.0 = Debug|Any CPU
		{2B283E05-12BB-45F9-B8E5-8F53C1FAB737}.Debug|x64.ActiveCfg = Debug|Any CPU
		{2B283E05-12BB-45F9-B8E5-8F53C1FAB737}.Debug|x64.Build.0 = Debug|Any CPU
		{2B283E05-12BB-45F9-B8E5-8F53C1FAB737}.Release|x86.ActiveCfg = Release|Any CPU
		{2B283E05-12BB-45F9-B8E5-8F53C1FAB737}.Release|x86.Build.0 = Release|Any CPU
		{2B283E05-12BB-45F9-B8E5-8F53C1FAB737}.Release|Any CPU.ActiveCfg = Release|Any CPU
		{2B283E05-12BB-45F9-B8E5-8F53C1FAB737}.Release|Any CPU.Build.0 = Release|Any CPU
		{2B283E05-12BB-45F9-B8E5-8F53C1FAB737}.Release|x64.ActiveCfg = Release|Any CPU
		{2B283E05-12BB-45F9-B8E5-8F53C1FAB737}.Release|x64.Build.0 = Release|Any CPU
		{BB0C5CB5-6C75-4C17-9348-5CA0C481B65C}.Debug|x86.ActiveCfg = Debug|Any CPU
		{BB0C5CB5-6C75-4C17-9348-5CA0C481B65C}.Debug|x86.Build.0 = Debug|Any CPU
		{BB0C5CB5-6C75-4C17-9348-5CA0C481B65C}.Debug|Any CPU.ActiveCfg = Debug|Any CPU
		{BB0C5CB5-6C75-4C17-9348-5CA0C481B65C}.Debug|Any CPU.Build.0 = Debug|Any CPU
		{BB0C5CB5-6C75-4C17-9348-5CA0C481B65C}.Debug|x64.ActiveCfg = Debug|Any CPU
		{BB0C5CB5-6C75-4C17-9348-5CA0C481B65C}.Debug|x64.Build.0 = Debug|Any CPU
		{BB0C5CB5-6C75-4C17-9348-5CA0C481B65C}.Release|x86.ActiveCfg = Release|Any CPU
		{BB0C5CB5-6C75-4C17-9348-5CA0C481B65C}.Release|x86.Build.0 = Release|Any CPU
		{BB0C5CB5-6C75-4C17-9348-5CA0C481B65C}.Release|Any CPU.ActiveCfg = Release|Any CPU
		{BB0C5CB5-6C75-4C17-9348-5CA0C481B65C}.Release|Any CPU.Build.0 = Release|Any CPU
		{BB0C5CB5-6C75-4C17-9348-5CA0C481B65C}.Release|x64.ActiveCfg = Release|Any CPU
		{BB0C5CB5-6C75-4C17-9348-5CA0C481B65C}.Release|x64.Build.0 = Release|Any CPU
		{A72E31D3-5D91-4C39-A30C-A96A492BBE82}.Debug|x86.ActiveCfg = Debug|Any CPU
		{A72E31D3-5D91-4C39-A30C-A96A492BBE82}.Debug|x86.Build.0 = Debug|Any CPU
		{A72E31D3-5D91-4C39-A30C-A96A492BBE82}.Debug|Any CPU.ActiveCfg = Debug|Any CPU
		{A72E31D3-5D91-4C39-A30C-A96A492BBE82}.Debug|Any CPU.Build.0 = Debug|Any CPU
		{A72E31D3-5D91-4C39-A30C-A96A492BBE82}.Debug|x64.ActiveCfg = Debug|Any CPU
		{A72E31D3-5D91-4C39-A30C-A96A492BBE82}.Debug|x64.Build.0 = Debug|Any CPU
		{A72E31D3-5D91-4C39-A30C-A96A492BBE82}.Release|x86.ActiveCfg = Release|Any CPU
		{A72E31D3-5D91-4C39-A30C-A96A492BBE82}.Release|x86.Build.0 = Release|Any CPU
		{A72E31D3-5D91-4C39-A30C-A96A492BBE82}.Release|Any CPU.ActiveCfg = Release|Any CPU
		{A72E31D3-5D91-4C39-A30C-A96A492BBE82}.Release|Any CPU.Build.0 = Release|Any CPU
		{A72E31D3-5D91-4C39-A30C-A96A492BBE82}.Release|x64.ActiveCfg = Release|Any CPU
		{A72E31D3-5D91-4C39-A30C-A96A492BBE82}.Release|x64.Build.0 = Release|Any CPU
	EndGlobalSection
	GlobalSection(SolutionProperties) = preSolution
		HideSolutionNode = FALSE
	EndGlobalSection
	GlobalSection(NestedProjects) = preSolution
		{2B283E05-12BB-45F9-B8E5-8F53C1FAB737} = {827E0CD3-B72D-47B6-A68D-7590B98EB39B}
		{BB0C5CB5-6C75-4C17-9348-5CA0C481B65C} = {827E0CD3-B72D-47B6-A68D-7590B98EB39B}
		{A72E31D3-5D91-4C39-A30C-A96A492BBE82} = {827E0CD3-B72D-47B6-A68D-7590B98EB39B}
	EndGlobalSection
EndGlobal
